// !$*UTF8*$!
{
	archiveVersion = 1;
	classes = {
	};
	objectVersion = 46;
	objects = {

/* Begin PBXBuildFile section */
		A271C45E13CA486B00582D40 /* UIKit.framework in Frameworks */ = {isa = PBXBuildFile; fileRef = A271C45D13CA486B00582D40 /* UIKit.framework */; };
		A271C46013CA486B00582D40 /* Foundation.framework in Frameworks */ = {isa = PBXBuildFile; fileRef = A271C45F13CA486B00582D40 /* Foundation.framework */; };
		A271C46213CA486B00582D40 /* CoreGraphics.framework in Frameworks */ = {isa = PBXBuildFile; fileRef = A271C46113CA486B00582D40 /* CoreGraphics.framework */; };
		A271C46813CA486B00582D40 /* InfoPlist.strings in Resources */ = {isa = PBXBuildFile; fileRef = A271C46613CA486B00582D40 /* InfoPlist.strings */; };
		A271C46B13CA486B00582D40 /* main.m in Sources */ = {isa = PBXBuildFile; fileRef = A271C46A13CA486B00582D40 /* main.m */; };
		A271C46E13CA486B00582D40 /* poeticcAppDelegate.m in Sources */ = {isa = PBXBuildFile; fileRef = A271C46D13CA486B00582D40 /* poeticcAppDelegate.m */; };
		A271C47113CA486B00582D40 /* MainWindow.xib in Resources */ = {isa = PBXBuildFile; fileRef = A271C46F13CA486B00582D40 /* MainWindow.xib */; };
		A271C47413CA486B00582D40 /* AuthorsViewController.m in Sources */ = {isa = PBXBuildFile; fileRef = A271C47313CA486B00582D40 /* AuthorsViewController.m */; };
		A271C47713CA486B00582D40 /* SecondViewController.m in Sources */ = {isa = PBXBuildFile; fileRef = A271C47613CA486B00582D40 /* SecondViewController.m */; };
		A271C47A13CA486B00582D40 /* AuthorsView.xib in Resources */ = {isa = PBXBuildFile; fileRef = A271C47813CA486B00582D40 /* AuthorsView.xib */; };
		A271C47D13CA486B00582D40 /* SecondView.xib in Resources */ = {isa = PBXBuildFile; fileRef = A271C47B13CA486B00582D40 /* SecondView.xib */; };
		A271C48413CA486B00582D40 /* UIKit.framework in Frameworks */ = {isa = PBXBuildFile; fileRef = A271C45D13CA486B00582D40 /* UIKit.framework */; };
		A271C48513CA486B00582D40 /* Foundation.framework in Frameworks */ = {isa = PBXBuildFile; fileRef = A271C45F13CA486B00582D40 /* Foundation.framework */; };
		A271C48613CA486B00582D40 /* CoreGraphics.framework in Frameworks */ = {isa = PBXBuildFile; fileRef = A271C46113CA486B00582D40 /* CoreGraphics.framework */; };
		A271C48E13CA486B00582D40 /* InfoPlist.strings in Resources */ = {isa = PBXBuildFile; fileRef = A271C48C13CA486B00582D40 /* InfoPlist.strings */; };
		A271C49113CA486B00582D40 /* poeticcTests.h in Resources */ = {isa = PBXBuildFile; fileRef = A271C49013CA486B00582D40 /* poeticcTests.h */; };
		A271C49313CA486B00582D40 /* poeticcTests.m in Sources */ = {isa = PBXBuildFile; fileRef = A271C49213CA486B00582D40 /* poeticcTests.m */; };
		A286AD4013CFE788008ADA66 /* LRResty.framework in Frameworks */ = {isa = PBXBuildFile; fileRef = A286AD3F13CFE788008ADA66 /* LRResty.framework */; };
		A286AD4513CFECFA008ADA66 /* ApiController.m in Sources */ = {isa = PBXBuildFile; fileRef = A286AD4413CFECFA008ADA66 /* ApiController.m */; };
		A286AD4713CFEE93008ADA66 /* config.plist in Resources */ = {isa = PBXBuildFile; fileRef = A286AD4613CFEE93008ADA66 /* config.plist */; };
/* End PBXBuildFile section */

/* Begin PBXContainerItemProxy section */
		A271C48713CA486B00582D40 /* PBXContainerItemProxy */ = {
			isa = PBXContainerItemProxy;
			containerPortal = A271C45013CA486B00582D40 /* Project object */;
			proxyType = 1;
			remoteGlobalIDString = A271C45813CA486B00582D40;
			remoteInfo = poeticc;
		};
/* End PBXContainerItemProxy section */

/* Begin PBXFileReference section */
		A271C45913CA486B00582D40 /* poeticc.app */ = {isa = PBXFileReference; explicitFileType = wrapper.application; includeInIndex = 0; path = poeticc.app; sourceTree = BUILT_PRODUCTS_DIR; };
		A271C45D13CA486B00582D40 /* UIKit.framework */ = {isa = PBXFileReference; lastKnownFileType = wrapper.framework; name = UIKit.framework; path = System/Library/Frameworks/UIKit.framework; sourceTree = SDKROOT; };
		A271C45F13CA486B00582D40 /* Foundation.framework */ = {isa = PBXFileReference; lastKnownFileType = wrapper.framework; name = Foundation.framework; path = System/Library/Frameworks/Foundation.framework; sourceTree = SDKROOT; };
		A271C46113CA486B00582D40 /* CoreGraphics.framework */ = {isa = PBXFileReference; lastKnownFileType = wrapper.framework; name = CoreGraphics.framework; path = System/Library/Frameworks/CoreGraphics.framework; sourceTree = SDKROOT; };
		A271C46513CA486B00582D40 /* poeticc-Info.plist */ = {isa = PBXFileReference; lastKnownFileType = text.plist.xml; path = "poeticc-Info.plist"; sourceTree = "<group>"; };
		A271C46713CA486B00582D40 /* en */ = {isa = PBXFileReference; lastKnownFileType = text.plist.strings; name = en; path = en.lproj/InfoPlist.strings; sourceTree = "<group>"; };
		A271C46913CA486B00582D40 /* poeticc-Prefix.pch */ = {isa = PBXFileReference; lastKnownFileType = sourcecode.c.h; path = "poeticc-Prefix.pch"; sourceTree = "<group>"; };
		A271C46A13CA486B00582D40 /* main.m */ = {isa = PBXFileReference; lastKnownFileType = sourcecode.c.objc; path = main.m; sourceTree = "<group>"; };
		A271C46C13CA486B00582D40 /* poeticcAppDelegate.h */ = {isa = PBXFileReference; lastKnownFileType = sourcecode.c.h; path = poeticcAppDelegate.h; sourceTree = "<group>"; };
		A271C46D13CA486B00582D40 /* poeticcAppDelegate.m */ = {isa = PBXFileReference; lastKnownFileType = sourcecode.c.objc; path = poeticcAppDelegate.m; sourceTree = "<group>"; };
		A271C47013CA486B00582D40 /* en */ = {isa = PBXFileReference; lastKnownFileType = file.xib; name = en; path = en.lproj/MainWindow.xib; sourceTree = "<group>"; };
		A271C47213CA486B00582D40 /* AuthorsViewController.h */ = {isa = PBXFileReference; lastKnownFileType = sourcecode.c.h; path = AuthorsViewController.h; sourceTree = "<group>"; };
		A271C47313CA486B00582D40 /* AuthorsViewController.m */ = {isa = PBXFileReference; lastKnownFileType = sourcecode.c.objc; path = AuthorsViewController.m; sourceTree = "<group>"; };
		A271C47513CA486B00582D40 /* SecondViewController.h */ = {isa = PBXFileReference; lastKnownFileType = sourcecode.c.h; path = SecondViewController.h; sourceTree = "<group>"; };
		A271C47613CA486B00582D40 /* SecondViewController.m */ = {isa = PBXFileReference; lastKnownFileType = sourcecode.c.objc; path = SecondViewController.m; sourceTree = "<group>"; };
		A271C47913CA486B00582D40 /* en */ = {isa = PBXFileReference; lastKnownFileType = file.xib; name = en; path = en.lproj/AuthorsView.xib; sourceTree = "<group>"; };
		A271C47C13CA486B00582D40 /* en */ = {isa = PBXFileReference; lastKnownFileType = file.xib; name = en; path = en.lproj/SecondView.xib; sourceTree = "<group>"; };
		A271C48313CA486B00582D40 /* poeticcTests.octest */ = {isa = PBXFileReference; explicitFileType = wrapper.cfbundle; includeInIndex = 0; path = poeticcTests.octest; sourceTree = BUILT_PRODUCTS_DIR; };
		A271C48B13CA486B00582D40 /* poeticcTests-Info.plist */ = {isa = PBXFileReference; lastKnownFileType = text.plist.xml; path = "poeticcTests-Info.plist"; sourceTree = "<group>"; };
		A271C48D13CA486B00582D40 /* en */ = {isa = PBXFileReference; lastKnownFileType = text.plist.strings; name = en; path = en.lproj/InfoPlist.strings; sourceTree = "<group>"; };
		A271C48F13CA486B00582D40 /* poeticcTests-Prefix.pch */ = {isa = PBXFileReference; lastKnownFileType = sourcecode.c.h; path = "poeticcTests-Prefix.pch"; sourceTree = "<group>"; };
		A271C49013CA486B00582D40 /* poeticcTests.h */ = {isa = PBXFileReference; lastKnownFileType = sourcecode.c.h; path = poeticcTests.h; sourceTree = "<group>"; };
		A271C49213CA486B00582D40 /* poeticcTests.m */ = {isa = PBXFileReference; lastKnownFileType = sourcecode.c.objc; path = poeticcTests.m; sourceTree = "<group>"; };
		A286AD3F13CFE788008ADA66 /* LRResty.framework */ = {isa = PBXFileReference; lastKnownFileType = wrapper.framework; path = LRResty.framework; sourceTree = "<group>"; };
		A286AD4313CFECFA008ADA66 /* ApiController.h */ = {isa = PBXFileReference; fileEncoding = 4; lastKnownFileType = sourcecode.c.h; path = ApiController.h; sourceTree = "<group>"; };
		A286AD4413CFECFA008ADA66 /* ApiController.m */ = {isa = PBXFileReference; fileEncoding = 4; lastKnownFileType = sourcecode.c.objc; path = ApiController.m; sourceTree = "<group>"; };
		A286AD4613CFEE93008ADA66 /* config.plist */ = {isa = PBXFileReference; fileEncoding = 4; lastKnownFileType = text.plist.xml; path = config.plist; sourceTree = "<group>"; };
/* End PBXFileReference section */

/* Begin PBXFrameworksBuildPhase section */
		A271C45613CA486B00582D40 /* Frameworks */ = {
			isa = PBXFrameworksBuildPhase;
			buildActionMask = 2147483647;
			files = (
				A271C45E13CA486B00582D40 /* UIKit.framework in Frameworks */,
				A271C46013CA486B00582D40 /* Foundation.framework in Frameworks */,
				A271C46213CA486B00582D40 /* CoreGraphics.framework in Frameworks */,
				A286AD4013CFE788008ADA66 /* LRResty.framework in Frameworks */,
			);
			runOnlyForDeploymentPostprocessing = 0;
		};
		A271C47F13CA486B00582D40 /* Frameworks */ = {
			isa = PBXFrameworksBuildPhase;
			buildActionMask = 2147483647;
			files = (
				A271C48413CA486B00582D40 /* UIKit.framework in Frameworks */,
				A271C48513CA486B00582D40 /* Foundation.framework in Frameworks */,
				A271C48613CA486B00582D40 /* CoreGraphics.framework in Frameworks */,
			);
			runOnlyForDeploymentPostprocessing = 0;
		};
/* End PBXFrameworksBuildPhase section */

/* Begin PBXGroup section */
		A271C44E13CA486B00582D40 = {
			isa = PBXGroup;
			children = (
				A271C46313CA486B00582D40 /* poeticc */,
				A271C48913CA486B00582D40 /* poeticcTests */,
				A271C45C13CA486B00582D40 /* Frameworks */,
				A271C45A13CA486B00582D40 /* Products */,
			);
			sourceTree = "<group>";
		};
		A271C45A13CA486B00582D40 /* Products */ = {
			isa = PBXGroup;
			children = (
				A271C45913CA486B00582D40 /* poeticc.app */,
				A271C48313CA486B00582D40 /* poeticcTests.octest */,
			);
			name = Products;
			sourceTree = "<group>";
		};
		A271C45C13CA486B00582D40 /* Frameworks */ = {
			isa = PBXGroup;
			children = (
				A286AD3F13CFE788008ADA66 /* LRResty.framework */,
				A271C45D13CA486B00582D40 /* UIKit.framework */,
				A271C45F13CA486B00582D40 /* Foundation.framework */,
				A271C46113CA486B00582D40 /* CoreGraphics.framework */,
			);
			name = Frameworks;
			sourceTree = "<group>";
		};
		A271C46313CA486B00582D40 /* poeticc */ = {
			isa = PBXGroup;
			children = (
				A286AD4213CFECBA008ADA66 /* Api */,
				A286AD4113CFEBD9008ADA66 /* Controllers */,
				A271C46C13CA486B00582D40 /* poeticcAppDelegate.h */,
				A271C46D13CA486B00582D40 /* poeticcAppDelegate.m */,
				A271C46F13CA486B00582D40 /* MainWindow.xib */,
				A271C47813CA486B00582D40 /* AuthorsView.xib */,
				A271C47B13CA486B00582D40 /* SecondView.xib */,
				A271C46413CA486B00582D40 /* Supporting Files */,
				A286AD4613CFEE93008ADA66 /* config.plist */,
			);
			path = poeticc;
			sourceTree = "<group>";
		};
		A271C46413CA486B00582D40 /* Supporting Files */ = {
			isa = PBXGroup;
			children = (
				A271C46513CA486B00582D40 /* poeticc-Info.plist */,
				A271C46613CA486B00582D40 /* InfoPlist.strings */,
				A271C46913CA486B00582D40 /* poeticc-Prefix.pch */,
				A271C46A13CA486B00582D40 /* main.m */,
			);
			name = "Supporting Files";
			sourceTree = "<group>";
		};
		A271C48913CA486B00582D40 /* poeticcTests */ = {
			isa = PBXGroup;
			children = (
				A271C49013CA486B00582D40 /* poeticcTests.h */,
				A271C49213CA486B00582D40 /* poeticcTests.m */,
				A271C48A13CA486B00582D40 /* Supporting Files */,
			);
			path = poeticcTests;
			sourceTree = "<group>";
		};
		A271C48A13CA486B00582D40 /* Supporting Files */ = {
			isa = PBXGroup;
			children = (
				A271C48B13CA486B00582D40 /* poeticcTests-Info.plist */,
				A271C48C13CA486B00582D40 /* InfoPlist.strings */,
				A271C48F13CA486B00582D40 /* poeticcTests-Prefix.pch */,
			);
			name = "Supporting Files";
			sourceTree = "<group>";
		};
		A286AD4113CFEBD9008ADA66 /* Controllers */ = {
			isa = PBXGroup;
			children = (
				A271C47213CA486B00582D40 /* AuthorsViewController.h */,
				A271C47313CA486B00582D40 /* AuthorsViewController.m */,
				A271C47513CA486B00582D40 /* SecondViewController.h */,
				A271C47613CA486B00582D40 /* SecondViewController.m */,
			);
			name = Controllers;
			sourceTree = "<group>";
		};
		A286AD4213CFECBA008ADA66 /* Api */ = {
			isa = PBXGroup;
			children = (
				A286AD4313CFECFA008ADA66 /* ApiController.h */,
				A286AD4413CFECFA008ADA66 /* ApiController.m */,
			);
			name = Api;
			sourceTree = "<group>";
		};
/* End PBXGroup section */

/* Begin PBXNativeTarget section */
		A271C45813CA486B00582D40 /* poeticc */ = {
			isa = PBXNativeTarget;
			buildConfigurationList = A271C49613CA486B00582D40 /* Build configuration list for PBXNativeTarget "poeticc" */;
			buildPhases = (
				A271C45513CA486B00582D40 /* Sources */,
				A271C45613CA486B00582D40 /* Frameworks */,
				A271C45713CA486B00582D40 /* Resources */,
			);
			buildRules = (
			);
			dependencies = (
			);
			name = poeticc;
			productName = poeticc;
			productReference = A271C45913CA486B00582D40 /* poeticc.app */;
			productType = "com.apple.product-type.application";
		};
		A271C48213CA486B00582D40 /* poeticcTests */ = {
			isa = PBXNativeTarget;
			buildConfigurationList = A271C49913CA486B00582D40 /* Build configuration list for PBXNativeTarget "poeticcTests" */;
			buildPhases = (
				A271C47E13CA486B00582D40 /* Sources */,
				A271C47F13CA486B00582D40 /* Frameworks */,
				A271C48013CA486B00582D40 /* Resources */,
				A271C48113CA486B00582D40 /* ShellScript */,
			);
			buildRules = (
			);
			dependencies = (
				A271C48813CA486B00582D40 /* PBXTargetDependency */,
			);
			name = poeticcTests;
			productName = poeticcTests;
			productReference = A271C48313CA486B00582D40 /* poeticcTests.octest */;
			productType = "com.apple.product-type.bundle";
		};
/* End PBXNativeTarget section */

/* Begin PBXProject section */
		A271C45013CA486B00582D40 /* Project object */ = {
			isa = PBXProject;
			buildConfigurationList = A271C45313CA486B00582D40 /* Build configuration list for PBXProject "poeticc" */;
			compatibilityVersion = "Xcode 3.2";
			developmentRegion = English;
			hasScannedForEncodings = 0;
			knownRegions = (
				en,
			);
			mainGroup = A271C44E13CA486B00582D40;
			productRefGroup = A271C45A13CA486B00582D40 /* Products */;
			projectDirPath = "";
			projectRoot = "";
			targets = (
				A271C45813CA486B00582D40 /* poeticc */,
				A271C48213CA486B00582D40 /* poeticcTests */,
			);
		};
/* End PBXProject section */

/* Begin PBXResourcesBuildPhase section */
		A271C45713CA486B00582D40 /* Resources */ = {
			isa = PBXResourcesBuildPhase;
			buildActionMask = 2147483647;
			files = (
				A271C46813CA486B00582D40 /* InfoPlist.strings in Resources */,
				A271C47113CA486B00582D40 /* MainWindow.xib in Resources */,
				A271C47A13CA486B00582D40 /* AuthorsView.xib in Resources */,
				A271C47D13CA486B00582D40 /* SecondView.xib in Resources */,
				A286AD4713CFEE93008ADA66 /* config.plist in Resources */,
			);
			runOnlyForDeploymentPostprocessing = 0;
		};
		A271C48013CA486B00582D40 /* Resources */ = {
			isa = PBXResourcesBuildPhase;
			buildActionMask = 2147483647;
			files = (
				A271C48E13CA486B00582D40 /* InfoPlist.strings in Resources */,
				A271C49113CA486B00582D40 /* poeticcTests.h in Resources */,
			);
			runOnlyForDeploymentPostprocessing = 0;
		};
/* End PBXResourcesBuildPhase section */

/* Begin PBXShellScriptBuildPhase section */
		A271C48113CA486B00582D40 /* ShellScript */ = {
			isa = PBXShellScriptBuildPhase;
			buildActionMask = 2147483647;
			files = (
			);
			inputPaths = (
			);
			outputPaths = (
			);
			runOnlyForDeploymentPostprocessing = 0;
			shellPath = /bin/sh;
			shellScript = "# Run the unit tests in this test bundle.\n\"${SYSTEM_DEVELOPER_DIR}/Tools/RunUnitTests\"\n";
		};
/* End PBXShellScriptBuildPhase section */

/* Begin PBXSourcesBuildPhase section */
		A271C45513CA486B00582D40 /* Sources */ = {
			isa = PBXSourcesBuildPhase;
			buildActionMask = 2147483647;
			files = (
				A271C46B13CA486B00582D40 /* main.m in Sources */,
				A271C46E13CA486B00582D40 /* poeticcAppDelegate.m in Sources */,
				A271C47413CA486B00582D40 /* AuthorsViewController.m in Sources */,
				A271C47713CA486B00582D40 /* SecondViewController.m in Sources */,
				A286AD4513CFECFA008ADA66 /* ApiController.m in Sources */,
			);
			runOnlyForDeploymentPostprocessing = 0;
		};
		A271C47E13CA486B00582D40 /* Sources */ = {
			isa = PBXSourcesBuildPhase;
			buildActionMask = 2147483647;
			files = (
				A271C49313CA486B00582D40 /* poeticcTests.m in Sources */,
			);
			runOnlyForDeploymentPostprocessing = 0;
		};
/* End PBXSourcesBuildPhase section */

/* Begin PBXTargetDependency section */
		A271C48813CA486B00582D40 /* PBXTargetDependency */ = {
			isa = PBXTargetDependency;
			target = A271C45813CA486B00582D40 /* poeticc */;
			targetProxy = A271C48713CA486B00582D40 /* PBXContainerItemProxy */;
		};
/* End PBXTargetDependency section */

/* Begin PBXVariantGroup section */
		A271C46613CA486B00582D40 /* InfoPlist.strings */ = {
			isa = PBXVariantGroup;
			children = (
				A271C46713CA486B00582D40 /* en */,
			);
			name = InfoPlist.strings;
			sourceTree = "<group>";
		};
		A271C46F13CA486B00582D40 /* MainWindow.xib */ = {
			isa = PBXVariantGroup;
			children = (
				A271C47013CA486B00582D40 /* en */,
			);
			name = MainWindow.xib;
			sourceTree = "<group>";
		};
		A271C47813CA486B00582D40 /* AuthorsView.xib */ = {
			isa = PBXVariantGroup;
			children = (
				A271C47913CA486B00582D40 /* en */,
			);
			name = AuthorsView.xib;
			sourceTree = "<group>";
		};
		A271C47B13CA486B00582D40 /* SecondView.xib */ = {
			isa = PBXVariantGroup;
			children = (
				A271C47C13CA486B00582D40 /* en */,
			);
			name = SecondView.xib;
			sourceTree = "<group>";
		};
		A271C48C13CA486B00582D40 /* InfoPlist.strings */ = {
			isa = PBXVariantGroup;
			children = (
				A271C48D13CA486B00582D40 /* en */,
			);
			name = InfoPlist.strings;
			sourceTree = "<group>";
		};
/* End PBXVariantGroup section */

/* Begin XCBuildConfiguration section */
		A271C49413CA486B00582D40 /* Debug */ = {
			isa = XCBuildConfiguration;
			buildSettings = {
				ARCHS = "$(ARCHS_STANDARD_32_BIT)";
				"CODE_SIGN_IDENTITY[sdk=iphoneos*]" = "iPhone Developer";
				GCC_C_LANGUAGE_STANDARD = gnu99;
				GCC_OPTIMIZATION_LEVEL = 0;
				GCC_PREPROCESSOR_DEFINITIONS = DEBUG;
				GCC_SYMBOLS_PRIVATE_EXTERN = NO;
				GCC_VERSION = com.apple.compilers.llvmgcc42;
				GCC_WARN_ABOUT_RETURN_TYPE = YES;
				GCC_WARN_UNUSED_VARIABLE = YES;
				IPHONEOS_DEPLOYMENT_TARGET = 4.3;
				SDKROOT = iphoneos;
			};
			name = Debug;
		};
		A271C49513CA486B00582D40 /* Release */ = {
			isa = XCBuildConfiguration;
			buildSettings = {
				ARCHS = "$(ARCHS_STANDARD_32_BIT)";
				"CODE_SIGN_IDENTITY[sdk=iphoneos*]" = "iPhone Developer";
				GCC_C_LANGUAGE_STANDARD = gnu99;
				GCC_VERSION = com.apple.compilers.llvmgcc42;
				GCC_WARN_ABOUT_RETURN_TYPE = YES;
				GCC_WARN_UNUSED_VARIABLE = YES;
				IPHONEOS_DEPLOYMENT_TARGET = 4.3;
				OTHER_CFLAGS = "-DNS_BLOCK_ASSERTIONS=1";
				SDKROOT = iphoneos;
			};
			name = Release;
		};
		A271C49713CA486B00582D40 /* Debug */ = {
			isa = XCBuildConfiguration;
			buildSettings = {
				ALWAYS_SEARCH_USER_PATHS = NO;
				COPY_PHASE_STRIP = NO;
				FRAMEWORK_SEARCH_PATHS = (
					"$(inherited)",
					"\"$(SRCROOT)/../../LRResty/build/Release\"",
					"\"$(SRCROOT)\"",
				);
				GCC_DYNAMIC_NO_PIC = NO;
				GCC_PRECOMPILE_PREFIX_HEADER = YES;
				GCC_PREFIX_HEADER = "poeticc/poeticc-Prefix.pch";
				INFOPLIST_FILE = "poeticc/poeticc-Info.plist";
				OTHER_LDFLAGS = (
					"-all_load",
					"-ObjC",
				);
				PRODUCT_NAME = "$(TARGET_NAME)";
				WRAPPER_EXTENSION = app;
			};
			name = Debug;
		};
		A271C49813CA486B00582D40 /* Release */ = {
			isa = XCBuildConfiguration;
			buildSettings = {
				ALWAYS_SEARCH_USER_PATHS = NO;
				COPY_PHASE_STRIP = YES;
				FRAMEWORK_SEARCH_PATHS = (
					"$(inherited)",
					"\"$(SRCROOT)/../../LRResty/build/Release\"",
					"\"$(SRCROOT)\"",
				);
				GCC_PRECOMPILE_PREFIX_HEADER = YES;
				GCC_PREFIX_HEADER = "poeticc/poeticc-Prefix.pch";
				INFOPLIST_FILE = "poeticc/poeticc-Info.plist";
				OTHER_LDFLAGS = (
					"-all_load",
					"-ObjC",
				);
				PRODUCT_NAME = "$(TARGET_NAME)";
				VALIDATE_PRODUCT = YES;
				WRAPPER_EXTENSION = app;
			};
			name = Release;
		};
		A271C49A13CA486B00582D40 /* Debug */ = {
			isa = XCBuildConfiguration;
			buildSettings = {
				ALWAYS_SEARCH_USER_PATHS = NO;
				BUNDLE_LOADER = "$(BUILT_PRODUCTS_DIR)/poeticc.app/poeticc";
				FRAMEWORK_SEARCH_PATHS = (
					"$(SDKROOT)/Developer/Library/Frameworks",
					"$(DEVELOPER_LIBRARY_DIR)/Frameworks",
				);
				GCC_PRECOMPILE_PREFIX_HEADER = YES;
				GCC_PREFIX_HEADER = "poeticcTests/poeticcTests-Prefix.pch";
				INFOPLIST_FILE = "poeticcTests/poeticcTests-Info.plist";
				OTHER_LDFLAGS = (
					"-framework",
					SenTestingKit,
				);
				PRODUCT_NAME = "$(TARGET_NAME)";
				TEST_HOST = "$(BUNDLE_LOADER)";
				WRAPPER_EXTENSION = octest;
			};
			name = Debug;
		};
		A271C49B13CA486B00582D40 /* Release */ = {
			isa = XCBuildConfiguration;
			buildSettings = {
				ALWAYS_SEARCH_USER_PATHS = NO;
				BUNDLE_LOADER = "$(BUILT_PRODUCTS_DIR)/poeticc.app/poeticc";
				FRAMEWORK_SEARCH_PATHS = (
					"$(SDKROOT)/Developer/Library/Frameworks",
					"$(DEVELOPER_LIBRARY_DIR)/Frameworks",
				);
				GCC_PRECOMPILE_PREFIX_HEADER = YES;
				GCC_PREFIX_HEADER = "poeticcTests/poeticcTests-Prefix.pch";
				INFOPLIST_FILE = "poeticcTests/poeticcTests-Info.plist";
				OTHER_LDFLAGS = (
					"-framework",
					SenTestingKit,
				);
				PRODUCT_NAME = "$(TARGET_NAME)";
				TEST_HOST = "$(BUNDLE_LOADER)";
				WRAPPER_EXTENSION = octest;
			};
			name = Release;
		};
/* End XCBuildConfiguration section */

/* Begin XCConfigurationList section */
		A271C45313CA486B00582D40 /* Build configuration list for PBXProject "poeticc" */ = {
			isa = XCConfigurationList;
			buildConfigurations = (
				A271C49413CA486B00582D40 /* Debug */,
				A271C49513CA486B00582D40 /* Release */,
			);
			defaultConfigurationIsVisible = 0;
			defaultConfigurationName = Release;
		};
		A271C49613CA486B00582D40 /* Build configuration list for PBXNativeTarget "poeticc" */ = {
			isa = XCConfigurationList;
			buildConfigurations = (
				A271C49713CA486B00582D40 /* Debug */,
				A271C49813CA486B00582D40 /* Release */,
			);
			defaultConfigurationIsVisible = 0;
			defaultConfigurationName = Release;
		};
		A271C49913CA486B00582D40 /* Build configuration list for PBXNativeTarget "poeticcTests" */ = {
			isa = XCConfigurationList;
			buildConfigurations = (
				A271C49A13CA486B00582D40 /* Debug */,
				A271C49B13CA486B00582D40 /* Release */,
			);
			defaultConfigurationIsVisible = 0;
			defaultConfigurationName = Release;
		};
/* End XCConfigurationList section */
	};
	rootObject = A271C45013CA486B00582D40 /* Project object */;
}
