// !$*UTF8*$!
{
	archiveVersion = 1;
	classes = {
	};
	objectVersion = 46;
	objects = {

/* Begin PBXBuildFile section */
		A2258FD3148C2EC30011583E /* LRResty.framework in Frameworks */ = {isa = PBXBuildFile; fileRef = A2258FD2148C2EC30011583E /* LRResty.framework */; };
		A2511E9713D80698003B8BC6 /* AuthorTableView.m in Sources */ = {isa = PBXBuildFile; fileRef = A2511E9513D80697003B8BC6 /* AuthorTableView.m */; };
		A2511E9813D80698003B8BC6 /* AuthorTableView.xib in Resources */ = {isa = PBXBuildFile; fileRef = A2511E9613D80698003B8BC6 /* AuthorTableView.xib */; };
		A2511EB013D9288C003B8BC6 /* CDataScanner.m in Sources */ = {isa = PBXBuildFile; fileRef = A2511E9B13D9288C003B8BC6 /* CDataScanner.m */; };
		A2511EB113D9288C003B8BC6 /* CDataScanner_Extensions.m in Sources */ = {isa = PBXBuildFile; fileRef = A2511E9E13D9288C003B8BC6 /* CDataScanner_Extensions.m */; };
		A2511EB213D9288C003B8BC6 /* NSCharacterSet_Extensions.m in Sources */ = {isa = PBXBuildFile; fileRef = A2511EA013D9288C003B8BC6 /* NSCharacterSet_Extensions.m */; };
		A2511EB313D9288C003B8BC6 /* NSDictionary_JSONExtensions.m in Sources */ = {isa = PBXBuildFile; fileRef = A2511EA213D9288C003B8BC6 /* NSDictionary_JSONExtensions.m */; };
		A2511EB413D9288C003B8BC6 /* NSScanner_Extensions.m in Sources */ = {isa = PBXBuildFile; fileRef = A2511EA413D9288C003B8BC6 /* NSScanner_Extensions.m */; };
		A2511EB513D9288C003B8BC6 /* CJSONDataSerializer.m in Sources */ = {isa = PBXBuildFile; fileRef = A2511EA713D9288C003B8BC6 /* CJSONDataSerializer.m */; };
		A2511EB613D9288C003B8BC6 /* CJSONDeserializer.m in Sources */ = {isa = PBXBuildFile; fileRef = A2511EA913D9288C003B8BC6 /* CJSONDeserializer.m */; };
		A2511EB713D9288C003B8BC6 /* CJSONScanner.m in Sources */ = {isa = PBXBuildFile; fileRef = A2511EAB13D9288C003B8BC6 /* CJSONScanner.m */; };
		A2511EB813D9288C003B8BC6 /* CJSONSerializer.m in Sources */ = {isa = PBXBuildFile; fileRef = A2511EAD13D9288C003B8BC6 /* CJSONSerializer.m */; };
		A2511EB913D9288C003B8BC6 /* CSerializedJSONData.m in Sources */ = {isa = PBXBuildFile; fileRef = A2511EAF13D9288C003B8BC6 /* CSerializedJSONData.m */; };
		A25EE26A1479F8F1008847A2 /* Storyboard.storyboard in Resources */ = {isa = PBXBuildFile; fileRef = A25EE2691479F8F1008847A2 /* Storyboard.storyboard */; };
		A271C45E13CA486B00582D40 /* UIKit.framework in Frameworks */ = {isa = PBXBuildFile; fileRef = A271C45D13CA486B00582D40 /* UIKit.framework */; };
		A271C46013CA486B00582D40 /* Foundation.framework in Frameworks */ = {isa = PBXBuildFile; fileRef = A271C45F13CA486B00582D40 /* Foundation.framework */; };
		A271C46213CA486B00582D40 /* CoreGraphics.framework in Frameworks */ = {isa = PBXBuildFile; fileRef = A271C46113CA486B00582D40 /* CoreGraphics.framework */; };
		A271C46813CA486B00582D40 /* InfoPlist.strings in Resources */ = {isa = PBXBuildFile; fileRef = A271C46613CA486B00582D40 /* InfoPlist.strings */; };
		A271C46B13CA486B00582D40 /* main.m in Sources */ = {isa = PBXBuildFile; fileRef = A271C46A13CA486B00582D40 /* main.m */; };
		A271C46E13CA486B00582D40 /* poeticcAppDelegate.m in Sources */ = {isa = PBXBuildFile; fileRef = A271C46D13CA486B00582D40 /* poeticcAppDelegate.m */; };
		A271C47113CA486B00582D40 /* MainWindow.xib in Resources */ = {isa = PBXBuildFile; fileRef = A271C46F13CA486B00582D40 /* MainWindow.xib */; };
		A271C47413CA486B00582D40 /* AuthorsViewController.m in Sources */ = {isa = PBXBuildFile; fileRef = A271C47313CA486B00582D40 /* AuthorsViewController.m */; };
		A271C47713CA486B00582D40 /* SecondViewController.m in Sources */ = {isa = PBXBuildFile; fileRef = A271C47613CA486B00582D40 /* SecondViewController.m */; };
		A271C47A13CA486B00582D40 /* AuthorsView.xib in Resources */ = {isa = PBXBuildFile; fileRef = A271C47813CA486B00582D40 /* AuthorsView.xib */; };
		A271C47D13CA486B00582D40 /* SecondView.xib in Resources */ = {isa = PBXBuildFile; fileRef = A271C47B13CA486B00582D40 /* SecondView.xib */; };
		A271C48413CA486B00582D40 /* UIKit.framework in Frameworks */ = {isa = PBXBuildFile; fileRef = A271C45D13CA486B00582D40 /* UIKit.framework */; };
		A271C48513CA486B00582D40 /* Foundation.framework in Frameworks */ = {isa = PBXBuildFile; fileRef = A271C45F13CA486B00582D40 /* Foundation.framework */; };
		A271C48613CA486B00582D40 /* CoreGraphics.framework in Frameworks */ = {isa = PBXBuildFile; fileRef = A271C46113CA486B00582D40 /* CoreGraphics.framework */; };
		A271C48E13CA486B00582D40 /* InfoPlist.strings in Resources */ = {isa = PBXBuildFile; fileRef = A271C48C13CA486B00582D40 /* InfoPlist.strings */; };
		A271C49113CA486B00582D40 /* poeticcTests.h in Resources */ = {isa = PBXBuildFile; fileRef = A271C49013CA486B00582D40 /* poeticcTests.h */; };
		A271C49313CA486B00582D40 /* poeticcTests.m in Sources */ = {isa = PBXBuildFile; fileRef = A271C49213CA486B00582D40 /* poeticcTests.m */; };
		A27F025D13D3B20700D8BC86 /* Couch.m in Sources */ = {isa = PBXBuildFile; fileRef = A27F025C13D3B20700D8BC86 /* Couch.m */; };
		A286AD4713CFEE93008ADA66 /* config.plist in Resources */ = {isa = PBXBuildFile; fileRef = A286AD4613CFEE93008ADA66 /* config.plist */; };
		A28C2EE013F1054A002FC639 /* PoemTableViewController.m in Sources */ = {isa = PBXBuildFile; fileRef = A28C2EDE13F1054A002FC639 /* PoemTableViewController.m */; };
		A28C2EE113F1054A002FC639 /* PoemTableViewController.xib in Resources */ = {isa = PBXBuildFile; fileRef = A28C2EDF13F1054A002FC639 /* PoemTableViewController.xib */; };
/* End PBXBuildFile section */

/* Begin PBXContainerItemProxy section */
		A271C48713CA486B00582D40 /* PBXContainerItemProxy */ = {
			isa = PBXContainerItemProxy;
			containerPortal = A271C45013CA486B00582D40 /* Project object */;
			proxyType = 1;
			remoteGlobalIDString = A271C45813CA486B00582D40;
			remoteInfo = poeticc;
		};
/* End PBXContainerItemProxy section */

/* Begin PBXFileReference section */
		A2258FD2148C2EC30011583E /* LRResty.framework */ = {isa = PBXFileReference; lastKnownFileType = wrapper.framework; name = LRResty.framework; path = ../LRResty/build/Release/LRResty.framework; sourceTree = "<group>"; };
		A2511E9413D80697003B8BC6 /* AuthorTableView.h */ = {isa = PBXFileReference; fileEncoding = 4; lastKnownFileType = sourcecode.c.h; path = AuthorTableView.h; sourceTree = "<group>"; };
		A2511E9513D80697003B8BC6 /* AuthorTableView.m */ = {isa = PBXFileReference; fileEncoding = 4; lastKnownFileType = sourcecode.c.objc; path = AuthorTableView.m; sourceTree = "<group>"; };
		A2511E9613D80698003B8BC6 /* AuthorTableView.xib */ = {isa = PBXFileReference; fileEncoding = 4; lastKnownFileType = file.xib; path = AuthorTableView.xib; sourceTree = "<group>"; };
		A2511E9A13D9288C003B8BC6 /* CDataScanner.h */ = {isa = PBXFileReference; fileEncoding = 4; lastKnownFileType = sourcecode.c.h; path = CDataScanner.h; sourceTree = "<group>"; };
		A2511E9B13D9288C003B8BC6 /* CDataScanner.m */ = {isa = PBXFileReference; fileEncoding = 4; lastKnownFileType = sourcecode.c.objc; path = CDataScanner.m; sourceTree = "<group>"; };
		A2511E9D13D9288C003B8BC6 /* CDataScanner_Extensions.h */ = {isa = PBXFileReference; fileEncoding = 4; lastKnownFileType = sourcecode.c.h; path = CDataScanner_Extensions.h; sourceTree = "<group>"; };
		A2511E9E13D9288C003B8BC6 /* CDataScanner_Extensions.m */ = {isa = PBXFileReference; fileEncoding = 4; lastKnownFileType = sourcecode.c.objc; path = CDataScanner_Extensions.m; sourceTree = "<group>"; };
		A2511E9F13D9288C003B8BC6 /* NSCharacterSet_Extensions.h */ = {isa = PBXFileReference; fileEncoding = 4; lastKnownFileType = sourcecode.c.h; path = NSCharacterSet_Extensions.h; sourceTree = "<group>"; };
		A2511EA013D9288C003B8BC6 /* NSCharacterSet_Extensions.m */ = {isa = PBXFileReference; fileEncoding = 4; lastKnownFileType = sourcecode.c.objc; path = NSCharacterSet_Extensions.m; sourceTree = "<group>"; };
		A2511EA113D9288C003B8BC6 /* NSDictionary_JSONExtensions.h */ = {isa = PBXFileReference; fileEncoding = 4; lastKnownFileType = sourcecode.c.h; path = NSDictionary_JSONExtensions.h; sourceTree = "<group>"; };
		A2511EA213D9288C003B8BC6 /* NSDictionary_JSONExtensions.m */ = {isa = PBXFileReference; fileEncoding = 4; lastKnownFileType = sourcecode.c.objc; path = NSDictionary_JSONExtensions.m; sourceTree = "<group>"; };
		A2511EA313D9288C003B8BC6 /* NSScanner_Extensions.h */ = {isa = PBXFileReference; fileEncoding = 4; lastKnownFileType = sourcecode.c.h; path = NSScanner_Extensions.h; sourceTree = "<group>"; };
		A2511EA413D9288C003B8BC6 /* NSScanner_Extensions.m */ = {isa = PBXFileReference; fileEncoding = 4; lastKnownFileType = sourcecode.c.objc; path = NSScanner_Extensions.m; sourceTree = "<group>"; };
		A2511EA613D9288C003B8BC6 /* CJSONDataSerializer.h */ = {isa = PBXFileReference; fileEncoding = 4; lastKnownFileType = sourcecode.c.h; path = CJSONDataSerializer.h; sourceTree = "<group>"; };
		A2511EA713D9288C003B8BC6 /* CJSONDataSerializer.m */ = {isa = PBXFileReference; fileEncoding = 4; lastKnownFileType = sourcecode.c.objc; path = CJSONDataSerializer.m; sourceTree = "<group>"; };
		A2511EA813D9288C003B8BC6 /* CJSONDeserializer.h */ = {isa = PBXFileReference; fileEncoding = 4; lastKnownFileType = sourcecode.c.h; path = CJSONDeserializer.h; sourceTree = "<group>"; };
		A2511EA913D9288C003B8BC6 /* CJSONDeserializer.m */ = {isa = PBXFileReference; fileEncoding = 4; lastKnownFileType = sourcecode.c.objc; path = CJSONDeserializer.m; sourceTree = "<group>"; };
		A2511EAA13D9288C003B8BC6 /* CJSONScanner.h */ = {isa = PBXFileReference; fileEncoding = 4; lastKnownFileType = sourcecode.c.h; path = CJSONScanner.h; sourceTree = "<group>"; };
		A2511EAB13D9288C003B8BC6 /* CJSONScanner.m */ = {isa = PBXFileReference; fileEncoding = 4; lastKnownFileType = sourcecode.c.objc; path = CJSONScanner.m; sourceTree = "<group>"; };
		A2511EAC13D9288C003B8BC6 /* CJSONSerializer.h */ = {isa = PBXFileReference; fileEncoding = 4; lastKnownFileType = sourcecode.c.h; path = CJSONSerializer.h; sourceTree = "<group>"; };
		A2511EAD13D9288C003B8BC6 /* CJSONSerializer.m */ = {isa = PBXFileReference; fileEncoding = 4; lastKnownFileType = sourcecode.c.objc; path = CJSONSerializer.m; sourceTree = "<group>"; };
		A2511EAE13D9288C003B8BC6 /* CSerializedJSONData.h */ = {isa = PBXFileReference; fileEncoding = 4; lastKnownFileType = sourcecode.c.h; path = CSerializedJSONData.h; sourceTree = "<group>"; };
		A2511EAF13D9288C003B8BC6 /* CSerializedJSONData.m */ = {isa = PBXFileReference; fileEncoding = 4; lastKnownFileType = sourcecode.c.objc; path = CSerializedJSONData.m; sourceTree = "<group>"; };
		A25EE2691479F8F1008847A2 /* Storyboard.storyboard */ = {isa = PBXFileReference; fileEncoding = 4; lastKnownFileType = file.storyboard; path = Storyboard.storyboard; sourceTree = "<group>"; };
		A271C45913CA486B00582D40 /* poeticc.app */ = {isa = PBXFileReference; explicitFileType = wrapper.application; includeInIndex = 0; path = poeticc.app; sourceTree = BUILT_PRODUCTS_DIR; };
		A271C45D13CA486B00582D40 /* UIKit.framework */ = {isa = PBXFileReference; lastKnownFileType = wrapper.framework; name = UIKit.framework; path = System/Library/Frameworks/UIKit.framework; sourceTree = SDKROOT; };
		A271C45F13CA486B00582D40 /* Foundation.framework */ = {isa = PBXFileReference; lastKnownFileType = wrapper.framework; name = Foundation.framework; path = System/Library/Frameworks/Foundation.framework; sourceTree = SDKROOT; };
		A271C46113CA486B00582D40 /* CoreGraphics.framework */ = {isa = PBXFileReference; lastKnownFileType = wrapper.framework; name = CoreGraphics.framework; path = System/Library/Frameworks/CoreGraphics.framework; sourceTree = SDKROOT; };
		A271C46513CA486B00582D40 /* poeticc-Info.plist */ = {isa = PBXFileReference; lastKnownFileType = text.plist.xml; path = "poeticc-Info.plist"; sourceTree = "<group>"; };
		A271C46713CA486B00582D40 /* en */ = {isa = PBXFileReference; lastKnownFileType = text.plist.strings; name = en; path = en.lproj/InfoPlist.strings; sourceTree = "<group>"; };
		A271C46913CA486B00582D40 /* poeticc-Prefix.pch */ = {isa = PBXFileReference; lastKnownFileType = sourcecode.c.h; path = "poeticc-Prefix.pch"; sourceTree = "<group>"; };
		A271C46A13CA486B00582D40 /* main.m */ = {isa = PBXFileReference; lastKnownFileType = sourcecode.c.objc; path = main.m; sourceTree = "<group>"; };
		A271C46C13CA486B00582D40 /* poeticcAppDelegate.h */ = {isa = PBXFileReference; lastKnownFileType = sourcecode.c.h; path = poeticcAppDelegate.h; sourceTree = "<group>"; };
		A271C46D13CA486B00582D40 /* poeticcAppDelegate.m */ = {isa = PBXFileReference; lastKnownFileType = sourcecode.c.objc; path = poeticcAppDelegate.m; sourceTree = "<group>"; };
		A271C47013CA486B00582D40 /* en */ = {isa = PBXFileReference; lastKnownFileType = file.xib; name = en; path = en.lproj/MainWindow.xib; sourceTree = "<group>"; };
		A271C47213CA486B00582D40 /* AuthorsViewController.h */ = {isa = PBXFileReference; lastKnownFileType = sourcecode.c.h; path = AuthorsViewController.h; sourceTree = "<group>"; };
		A271C47313CA486B00582D40 /* AuthorsViewController.m */ = {isa = PBXFileReference; lastKnownFileType = sourcecode.c.objc; path = AuthorsViewController.m; sourceTree = "<group>"; };
		A271C47513CA486B00582D40 /* SecondViewController.h */ = {isa = PBXFileReference; lastKnownFileType = sourcecode.c.h; path = SecondViewController.h; sourceTree = "<group>"; };
		A271C47613CA486B00582D40 /* SecondViewController.m */ = {isa = PBXFileReference; lastKnownFileType = sourcecode.c.objc; path = SecondViewController.m; sourceTree = "<group>"; };
		A271C47913CA486B00582D40 /* en */ = {isa = PBXFileReference; lastKnownFileType = file.xib; name = en; path = en.lproj/AuthorsView.xib; sourceTree = "<group>"; };
		A271C47C13CA486B00582D40 /* en */ = {isa = PBXFileReference; lastKnownFileType = file.xib; name = en; path = en.lproj/SecondView.xib; sourceTree = "<group>"; };
		A271C48313CA486B00582D40 /* poeticcTests.octest */ = {isa = PBXFileReference; explicitFileType = wrapper.cfbundle; includeInIndex = 0; path = poeticcTests.octest; sourceTree = BUILT_PRODUCTS_DIR; };
		A271C48B13CA486B00582D40 /* poeticcTests-Info.plist */ = {isa = PBXFileReference; lastKnownFileType = text.plist.xml; path = "poeticcTests-Info.plist"; sourceTree = "<group>"; };
		A271C48D13CA486B00582D40 /* en */ = {isa = PBXFileReference; lastKnownFileType = text.plist.strings; name = en; path = en.lproj/InfoPlist.strings; sourceTree = "<group>"; };
		A271C48F13CA486B00582D40 /* poeticcTests-Prefix.pch */ = {isa = PBXFileReference; lastKnownFileType = sourcecode.c.h; path = "poeticcTests-Prefix.pch"; sourceTree = "<group>"; };
		A271C49013CA486B00582D40 /* poeticcTests.h */ = {isa = PBXFileReference; lastKnownFileType = sourcecode.c.h; path = poeticcTests.h; sourceTree = "<group>"; };
		A271C49213CA486B00582D40 /* poeticcTests.m */ = {isa = PBXFileReference; lastKnownFileType = sourcecode.c.objc; path = poeticcTests.m; sourceTree = "<group>"; };
		A27F025B13D3B20700D8BC86 /* Couch.h */ = {isa = PBXFileReference; fileEncoding = 4; lastKnownFileType = sourcecode.c.h; path = Couch.h; sourceTree = "<group>"; };
		A27F025C13D3B20700D8BC86 /* Couch.m */ = {isa = PBXFileReference; fileEncoding = 4; lastKnownFileType = sourcecode.c.objc; path = Couch.m; sourceTree = "<group>"; };
		A286AD4613CFEE93008ADA66 /* config.plist */ = {isa = PBXFileReference; fileEncoding = 4; lastKnownFileType = text.plist.xml; path = config.plist; sourceTree = "<group>"; };
		A28C2EDD13F1054A002FC639 /* PoemTableViewController.h */ = {isa = PBXFileReference; fileEncoding = 4; lastKnownFileType = sourcecode.c.h; path = PoemTableViewController.h; sourceTree = "<group>"; };
		A28C2EDE13F1054A002FC639 /* PoemTableViewController.m */ = {isa = PBXFileReference; fileEncoding = 4; lastKnownFileType = sourcecode.c.objc; path = PoemTableViewController.m; sourceTree = "<group>"; };
		A28C2EDF13F1054A002FC639 /* PoemTableViewController.xib */ = {isa = PBXFileReference; fileEncoding = 4; lastKnownFileType = file.xib; path = PoemTableViewController.xib; sourceTree = "<group>"; };
/* End PBXFileReference section */

/* Begin PBXFrameworksBuildPhase section */
		A271C45613CA486B00582D40 /* Frameworks */ = {
			isa = PBXFrameworksBuildPhase;
			buildActionMask = 2147483647;
			files = (
				A271C45E13CA486B00582D40 /* UIKit.framework in Frameworks */,
				A271C46013CA486B00582D40 /* Foundation.framework in Frameworks */,
				A271C46213CA486B00582D40 /* CoreGraphics.framework in Frameworks */,
				A2258FD3148C2EC30011583E /* LRResty.framework in Frameworks */,
			);
			runOnlyForDeploymentPostprocessing = 0;
		};
		A271C47F13CA486B00582D40 /* Frameworks */ = {
			isa = PBXFrameworksBuildPhase;
			buildActionMask = 2147483647;
			files = (
				A271C48413CA486B00582D40 /* UIKit.framework in Frameworks */,
				A271C48513CA486B00582D40 /* Foundation.framework in Frameworks */,
				A271C48613CA486B00582D40 /* CoreGraphics.framework in Frameworks */,
			);
			runOnlyForDeploymentPostprocessing = 0;
		};
/* End PBXFrameworksBuildPhase section */

/* Begin PBXGroup section */
		A2511E9913D92857003B8BC6 /* TouchJSON */ = {
			isa = PBXGroup;
			children = (
				A2511E9A13D9288C003B8BC6 /* CDataScanner.h */,
				A2511E9B13D9288C003B8BC6 /* CDataScanner.m */,
				A2511E9C13D9288C003B8BC6 /* Extensions */,
				A2511EA513D9288C003B8BC6 /* JSON */,
			);
			name = TouchJSON;
			sourceTree = "<group>";
		};
		A2511E9C13D9288C003B8BC6 /* Extensions */ = {
			isa = PBXGroup;
			children = (
				A2511E9D13D9288C003B8BC6 /* CDataScanner_Extensions.h */,
				A2511E9E13D9288C003B8BC6 /* CDataScanner_Extensions.m */,
				A2511E9F13D9288C003B8BC6 /* NSCharacterSet_Extensions.h */,
				A2511EA013D9288C003B8BC6 /* NSCharacterSet_Extensions.m */,
				A2511EA113D9288C003B8BC6 /* NSDictionary_JSONExtensions.h */,
				A2511EA213D9288C003B8BC6 /* NSDictionary_JSONExtensions.m */,
				A2511EA313D9288C003B8BC6 /* NSScanner_Extensions.h */,
				A2511EA413D9288C003B8BC6 /* NSScanner_Extensions.m */,
			);
			path = Extensions;
			sourceTree = "<group>";
		};
		A2511EA513D9288C003B8BC6 /* JSON */ = {
			isa = PBXGroup;
			children = (
				A2511EA613D9288C003B8BC6 /* CJSONDataSerializer.h */,
				A2511EA713D9288C003B8BC6 /* CJSONDataSerializer.m */,
				A2511EA813D9288C003B8BC6 /* CJSONDeserializer.h */,
				A2511EA913D9288C003B8BC6 /* CJSONDeserializer.m */,
				A2511EAA13D9288C003B8BC6 /* CJSONScanner.h */,
				A2511EAB13D9288C003B8BC6 /* CJSONScanner.m */,
				A2511EAC13D9288C003B8BC6 /* CJSONSerializer.h */,
				A2511EAD13D9288C003B8BC6 /* CJSONSerializer.m */,
				A2511EAE13D9288C003B8BC6 /* CSerializedJSONData.h */,
				A2511EAF13D9288C003B8BC6 /* CSerializedJSONData.m */,
			);
			path = JSON;
			sourceTree = "<group>";
		};
		A25EE2671479F8DE008847A2 /* Story */ = {
			isa = PBXGroup;
			children = (
				A25EE2691479F8F1008847A2 /* Storyboard.storyboard */,
			);
			name = Story;
			sourceTree = "<group>";
		};
		A271C44E13CA486B00582D40 = {
			isa = PBXGroup;
			children = (
				A271C46313CA486B00582D40 /* poeticc */,
				A271C48913CA486B00582D40 /* poeticcTests */,
				A271C45C13CA486B00582D40 /* Frameworks */,
				A271C45A13CA486B00582D40 /* Products */,
			);
			sourceTree = "<group>";
		};
		A271C45A13CA486B00582D40 /* Products */ = {
			isa = PBXGroup;
			children = (
				A271C45913CA486B00582D40 /* poeticc.app */,
				A271C48313CA486B00582D40 /* poeticcTests.octest */,
			);
			name = Products;
			sourceTree = "<group>";
		};
		A271C45C13CA486B00582D40 /* Frameworks */ = {
			isa = PBXGroup;
			children = (
				A2258FD2148C2EC30011583E /* LRResty.framework */,
				A271C45D13CA486B00582D40 /* UIKit.framework */,
				A271C45F13CA486B00582D40 /* Foundation.framework */,
				A271C46113CA486B00582D40 /* CoreGraphics.framework */,
			);
			name = Frameworks;
			sourceTree = "<group>";
		};
		A271C46313CA486B00582D40 /* poeticc */ = {
			isa = PBXGroup;
			children = (
				A25EE2671479F8DE008847A2 /* Story */,
				A2511E9913D92857003B8BC6 /* TouchJSON */,
				A286AD4213CFECBA008ADA66 /* Api */,
				A286AD4113CFEBD9008ADA66 /* Controllers */,
				A271C46C13CA486B00582D40 /* poeticcAppDelegate.h */,
				A271C46D13CA486B00582D40 /* poeticcAppDelegate.m */,
				A271C46F13CA486B00582D40 /* MainWindow.xib */,
				A271C47813CA486B00582D40 /* AuthorsView.xib */,
				A271C47B13CA486B00582D40 /* SecondView.xib */,
				A2511E9613D80698003B8BC6 /* AuthorTableView.xib */,
				A271C46413CA486B00582D40 /* Supporting Files */,
				A286AD4613CFEE93008ADA66 /* config.plist */,
			);
			path = poeticc;
			sourceTree = "<group>";
		};
		A271C46413CA486B00582D40 /* Supporting Files */ = {
			isa = PBXGroup;
			children = (
				A271C46513CA486B00582D40 /* poeticc-Info.plist */,
				A271C46613CA486B00582D40 /* InfoPlist.strings */,
				A271C46913CA486B00582D40 /* poeticc-Prefix.pch */,
				A271C46A13CA486B00582D40 /* main.m */,
			);
			name = "Supporting Files";
			sourceTree = "<group>";
		};
		A271C48913CA486B00582D40 /* poeticcTests */ = {
			isa = PBXGroup;
			children = (
				A271C49013CA486B00582D40 /* poeticcTests.h */,
				A271C49213CA486B00582D40 /* poeticcTests.m */,
				A271C48A13CA486B00582D40 /* Supporting Files */,
			);
			path = poeticcTests;
			sourceTree = "<group>";
		};
		A271C48A13CA486B00582D40 /* Supporting Files */ = {
			isa = PBXGroup;
			children = (
				A271C48B13CA486B00582D40 /* poeticcTests-Info.plist */,
				A271C48C13CA486B00582D40 /* InfoPlist.strings */,
				A271C48F13CA486B00582D40 /* poeticcTests-Prefix.pch */,
			);
			name = "Supporting Files";
			sourceTree = "<group>";
		};
		A286AD4113CFEBD9008ADA66 /* Controllers */ = {
			isa = PBXGroup;
			children = (
				A271C47213CA486B00582D40 /* AuthorsViewController.h */,
				A271C47313CA486B00582D40 /* AuthorsViewController.m */,
				A271C47513CA486B00582D40 /* SecondViewController.h */,
				A271C47613CA486B00582D40 /* SecondViewController.m */,
				A2511E9413D80697003B8BC6 /* AuthorTableView.h */,
				A2511E9513D80697003B8BC6 /* AuthorTableView.m */,
				A28C2EDD13F1054A002FC639 /* PoemTableViewController.h */,
				A28C2EDE13F1054A002FC639 /* PoemTableViewController.m */,
				A28C2EDF13F1054A002FC639 /* PoemTableViewController.xib */,
			);
			name = Controllers;
			sourceTree = "<group>";
		};
		A286AD4213CFECBA008ADA66 /* Api */ = {
			isa = PBXGroup;
			children = (
				A27F025B13D3B20700D8BC86 /* Couch.h */,
				A27F025C13D3B20700D8BC86 /* Couch.m */,
			);
			name = Api;
			sourceTree = "<group>";
		};
/* End PBXGroup section */

/* Begin PBXNativeTarget section */
		A271C45813CA486B00582D40 /* poeticc */ = {
			isa = PBXNativeTarget;
			buildConfigurationList = A271C49613CA486B00582D40 /* Build configuration list for PBXNativeTarget "poeticc" */;
			buildPhases = (
				A271C45513CA486B00582D40 /* Sources */,
				A271C45613CA486B00582D40 /* Frameworks */,
				A271C45713CA486B00582D40 /* Resources */,
			);
			buildRules = (
			);
			dependencies = (
			);
			name = poeticc;
			productName = poeticc;
			productReference = A271C45913CA486B00582D40 /* poeticc.app */;
			productType = "com.apple.product-type.application";
		};
		A271C48213CA486B00582D40 /* poeticcTests */ = {
			isa = PBXNativeTarget;
			buildConfigurationList = A271C49913CA486B00582D40 /* Build configuration list for PBXNativeTarget "poeticcTests" */;
			buildPhases = (
				A271C47E13CA486B00582D40 /* Sources */,
				A271C47F13CA486B00582D40 /* Frameworks */,
				A271C48013CA486B00582D40 /* Resources */,
				A271C48113CA486B00582D40 /* ShellScript */,
			);
			buildRules = (
			);
			dependencies = (
				A271C48813CA486B00582D40 /* PBXTargetDependency */,
			);
			name = poeticcTests;
			productName = poeticcTests;
			productReference = A271C48313CA486B00582D40 /* poeticcTests.octest */;
			productType = "com.apple.product-type.bundle";
		};
/* End PBXNativeTarget section */

/* Begin PBXProject section */
		A271C45013CA486B00582D40 /* Project object */ = {
			isa = PBXProject;
			buildConfigurationList = A271C45313CA486B00582D40 /* Build configuration list for PBXProject "poeticc" */;
			compatibilityVersion = "Xcode 3.2";
			developmentRegion = English;
			hasScannedForEncodings = 0;
			knownRegions = (
				en,
			);
			mainGroup = A271C44E13CA486B00582D40;
			productRefGroup = A271C45A13CA486B00582D40 /* Products */;
			projectDirPath = "";
			projectRoot = "";
			targets = (
				A271C45813CA486B00582D40 /* poeticc */,
				A271C48213CA486B00582D40 /* poeticcTests */,
			);
		};
/* End PBXProject section */

/* Begin PBXResourcesBuildPhase section */
		A271C45713CA486B00582D40 /* Resources */ = {
			isa = PBXResourcesBuildPhase;
			buildActionMask = 2147483647;
			files = (
				A271C46813CA486B00582D40 /* InfoPlist.strings in Resources */,
				A271C47113CA486B00582D40 /* MainWindow.xib in Resources */,
				A271C47A13CA486B00582D40 /* AuthorsView.xib in Resources */,
				A271C47D13CA486B00582D40 /* SecondView.xib in Resources */,
				A286AD4713CFEE93008ADA66 /* config.plist in Resources */,
				A2511E9813D80698003B8BC6 /* AuthorTableView.xib in Resources */,
				A28C2EE113F1054A002FC639 /* PoemTableViewController.xib in Resources */,
				A25EE26A1479F8F1008847A2 /* Storyboard.storyboard in Resources */,
			);
			runOnlyForDeploymentPostprocessing = 0;
		};
		A271C48013CA486B00582D40 /* Resources */ = {
			isa = PBXResourcesBuildPhase;
			buildActionMask = 2147483647;
			files = (
				A271C48E13CA486B00582D40 /* InfoPlist.strings in Resources */,
				A271C49113CA486B00582D40 /* poeticcTests.h in Resources */,
			);
			runOnlyForDeploymentPostprocessing = 0;
		};
/* End PBXResourcesBuildPhase section */

/* Begin PBXShellScriptBuildPhase section */
		A271C48113CA486B00582D40 /* ShellScript */ = {
			isa = PBXShellScriptBuildPhase;
			buildActionMask = 2147483647;
			files = (
			);
			inputPaths = (
			);
			outputPaths = (
			);
			runOnlyForDeploymentPostprocessing = 0;
			shellPath = /bin/sh;
			shellScript = "# Run the unit tests in this test bundle.\n\"${SYSTEM_DEVELOPER_DIR}/Tools/RunUnitTests\"\n";
		};
/* End PBXShellScriptBuildPhase section */

/* Begin PBXSourcesBuildPhase section */
		A271C45513CA486B00582D40 /* Sources */ = {
			isa = PBXSourcesBuildPhase;
			buildActionMask = 2147483647;
			files = (
				A271C46B13CA486B00582D40 /* main.m in Sources */,
				A271C46E13CA486B00582D40 /* poeticcAppDelegate.m in Sources */,
				A271C47413CA486B00582D40 /* AuthorsViewController.m in Sources */,
				A271C47713CA486B00582D40 /* SecondViewController.m in Sources */,
				A27F025D13D3B20700D8BC86 /* Couch.m in Sources */,
				A2511E9713D80698003B8BC6 /* AuthorTableView.m in Sources */,
				A2511EB013D9288C003B8BC6 /* CDataScanner.m in Sources */,
				A2511EB113D9288C003B8BC6 /* CDataScanner_Extensions.m in Sources */,
				A2511EB213D9288C003B8BC6 /* NSCharacterSet_Extensions.m in Sources */,
				A2511EB313D9288C003B8BC6 /* NSDictionary_JSONExtensions.m in Sources */,
				A2511EB413D9288C003B8BC6 /* NSScanner_Extensions.m in Sources */,
				A2511EB513D9288C003B8BC6 /* CJSONDataSerializer.m in Sources */,
				A2511EB613D9288C003B8BC6 /* CJSONDeserializer.m in Sources */,
				A2511EB713D9288C003B8BC6 /* CJSONScanner.m in Sources */,
				A2511EB813D9288C003B8BC6 /* CJSONSerializer.m in Sources */,
				A2511EB913D9288C003B8BC6 /* CSerializedJSONData.m in Sources */,
				A28C2EE013F1054A002FC639 /* PoemTableViewController.m in Sources */,
			);
			runOnlyForDeploymentPostprocessing = 0;
		};
		A271C47E13CA486B00582D40 /* Sources */ = {
			isa = PBXSourcesBuildPhase;
			buildActionMask = 2147483647;
			files = (
				A271C49313CA486B00582D40 /* poeticcTests.m in Sources */,
			);
			runOnlyForDeploymentPostprocessing = 0;
		};
/* End PBXSourcesBuildPhase section */

/* Begin PBXTargetDependency section */
		A271C48813CA486B00582D40 /* PBXTargetDependency */ = {
			isa = PBXTargetDependency;
			target = A271C45813CA486B00582D40 /* poeticc */;
			targetProxy = A271C48713CA486B00582D40 /* PBXContainerItemProxy */;
		};
/* End PBXTargetDependency section */

/* Begin PBXVariantGroup section */
		A271C46613CA486B00582D40 /* InfoPlist.strings */ = {
			isa = PBXVariantGroup;
			children = (
				A271C46713CA486B00582D40 /* en */,
			);
			name = InfoPlist.strings;
			sourceTree = "<group>";
		};
		A271C46F13CA486B00582D40 /* MainWindow.xib */ = {
			isa = PBXVariantGroup;
			children = (
				A271C47013CA486B00582D40 /* en */,
			);
			name = MainWindow.xib;
			sourceTree = "<group>";
		};
		A271C47813CA486B00582D40 /* AuthorsView.xib */ = {
			isa = PBXVariantGroup;
			children = (
				A271C47913CA486B00582D40 /* en */,
			);
			name = AuthorsView.xib;
			sourceTree = "<group>";
		};
		A271C47B13CA486B00582D40 /* SecondView.xib */ = {
			isa = PBXVariantGroup;
			children = (
				A271C47C13CA486B00582D40 /* en */,
			);
			name = SecondView.xib;
			sourceTree = "<group>";
		};
		A271C48C13CA486B00582D40 /* InfoPlist.strings */ = {
			isa = PBXVariantGroup;
			children = (
				A271C48D13CA486B00582D40 /* en */,
			);
			name = InfoPlist.strings;
			sourceTree = "<group>";
		};
/* End PBXVariantGroup section */

/* Begin XCBuildConfiguration section */
		A271C49413CA486B00582D40 /* Debug */ = {
			isa = XCBuildConfiguration;
			buildSettings = {
				ARCHS = "$(ARCHS_STANDARD_32_BIT)";
				"CODE_SIGN_IDENTITY[sdk=iphoneos*]" = "iPhone Developer";
				GCC_C_LANGUAGE_STANDARD = gnu99;
				GCC_OPTIMIZATION_LEVEL = 0;
				GCC_PREPROCESSOR_DEFINITIONS = DEBUG;
				GCC_SYMBOLS_PRIVATE_EXTERN = NO;
				GCC_VERSION = com.apple.compilers.llvmgcc42;
				GCC_WARN_ABOUT_RETURN_TYPE = YES;
				GCC_WARN_UNUSED_VARIABLE = YES;
				IPHONEOS_DEPLOYMENT_TARGET = 4.3;
				SDKROOT = iphoneos;
			};
			name = Debug;
		};
		A271C49513CA486B00582D40 /* Release */ = {
			isa = XCBuildConfiguration;
			buildSettings = {
				ARCHS = "$(ARCHS_STANDARD_32_BIT)";
				"CODE_SIGN_IDENTITY[sdk=iphoneos*]" = "iPhone Developer";
				GCC_C_LANGUAGE_STANDARD = gnu99;
				GCC_VERSION = com.apple.compilers.llvmgcc42;
				GCC_WARN_ABOUT_RETURN_TYPE = YES;
				GCC_WARN_UNUSED_VARIABLE = YES;
				IPHONEOS_DEPLOYMENT_TARGET = 4.3;
				OTHER_CFLAGS = "-DNS_BLOCK_ASSERTIONS=1";
				SDKROOT = iphoneos;
			};
			name = Release;
		};
		A271C49713CA486B00582D40 /* Debug */ = {
			isa = XCBuildConfiguration;
			buildSettings = {
				ALWAYS_SEARCH_USER_PATHS = NO;
				COPY_PHASE_STRIP = NO;
				FRAMEWORK_SEARCH_PATHS = (
					"$(inherited)",
					"\"$(SRCROOT)/../../LRResty/build/Release\"",
					"\"$(SRCROOT)\"",
					"\"$(SRCROOT)/../LRResty/build/Release\"",
				);
				GCC_DYNAMIC_NO_PIC = NO;
				GCC_PRECOMPILE_PREFIX_HEADER = YES;
				GCC_PREFIX_HEADER = "poeticc/poeticc-Prefix.pch";
				INFOPLIST_FILE = "poeticc/poeticc-Info.plist";
				OTHER_LDFLAGS = (
					"-all_load",
					"-ObjC",
				);
				PRODUCT_NAME = "$(TARGET_NAME)";
				WRAPPER_EXTENSION = app;
			};
			name = Debug;
		};
		A271C49813CA486B00582D40 /* Release */ = {
			isa = XCBuildConfiguration;
			buildSettings = {
				ALWAYS_SEARCH_USER_PATHS = NO;
				COPY_PHASE_STRIP = YES;
				FRAMEWORK_SEARCH_PATHS = (
					"$(inherited)",
					"\"$(SRCROOT)/../../LRResty/build/Release\"",
					"\"$(SRCROOT)\"",
					"\"$(SRCROOT)/../LRResty/build/Release\"",
				);
				GCC_PRECOMPILE_PREFIX_HEADER = YES;
				GCC_PREFIX_HEADER = "poeticc/poeticc-Prefix.pch";
				INFOPLIST_FILE = "poeticc/poeticc-Info.plist";
				OTHER_LDFLAGS = (
					"-all_load",
					"-ObjC",
				);
				PRODUCT_NAME = "$(TARGET_NAME)";
				VALIDATE_PRODUCT = YES;
				WRAPPER_EXTENSION = app;
			};
			name = Release;
		};
		A271C49A13CA486B00582D40 /* Debug */ = {
			isa = XCBuildConfiguration;
			buildSettings = {
				ALWAYS_SEARCH_USER_PATHS = NO;
				BUNDLE_LOADER = "$(BUILT_PRODUCTS_DIR)/poeticc.app/poeticc";
				FRAMEWORK_SEARCH_PATHS = (
					"$(SDKROOT)/Developer/Library/Frameworks",
					"$(DEVELOPER_LIBRARY_DIR)/Frameworks",
				);
				GCC_PRECOMPILE_PREFIX_HEADER = YES;
				GCC_PREFIX_HEADER = "poeticcTests/poeticcTests-Prefix.pch";
				INFOPLIST_FILE = "poeticcTests/poeticcTests-Info.plist";
				OTHER_LDFLAGS = (
					"-framework",
					SenTestingKit,
				);
				PRODUCT_NAME = "$(TARGET_NAME)";
				TEST_HOST = "$(BUNDLE_LOADER)";
				WRAPPER_EXTENSION = octest;
			};
			name = Debug;
		};
		A271C49B13CA486B00582D40 /* Release */ = {
			isa = XCBuildConfiguration;
			buildSettings = {
				ALWAYS_SEARCH_USER_PATHS = NO;
				BUNDLE_LOADER = "$(BUILT_PRODUCTS_DIR)/poeticc.app/poeticc";
				FRAMEWORK_SEARCH_PATHS = (
					"$(SDKROOT)/Developer/Library/Frameworks",
					"$(DEVELOPER_LIBRARY_DIR)/Frameworks",
				);
				GCC_PRECOMPILE_PREFIX_HEADER = YES;
				GCC_PREFIX_HEADER = "poeticcTests/poeticcTests-Prefix.pch";
				INFOPLIST_FILE = "poeticcTests/poeticcTests-Info.plist";
				OTHER_LDFLAGS = (
					"-framework",
					SenTestingKit,
				);
				PRODUCT_NAME = "$(TARGET_NAME)";
				TEST_HOST = "$(BUNDLE_LOADER)";
				WRAPPER_EXTENSION = octest;
			};
			name = Release;
		};
/* End XCBuildConfiguration section */

/* Begin XCConfigurationList section */
		A271C45313CA486B00582D40 /* Build configuration list for PBXProject "poeticc" */ = {
			isa = XCConfigurationList;
			buildConfigurations = (
				A271C49413CA486B00582D40 /* Debug */,
				A271C49513CA486B00582D40 /* Release */,
			);
			defaultConfigurationIsVisible = 0;
			defaultConfigurationName = Release;
		};
		A271C49613CA486B00582D40 /* Build configuration list for PBXNativeTarget "poeticc" */ = {
			isa = XCConfigurationList;
			buildConfigurations = (
				A271C49713CA486B00582D40 /* Debug */,
				A271C49813CA486B00582D40 /* Release */,
			);
			defaultConfigurationIsVisible = 0;
			defaultConfigurationName = Release;
		};
		A271C49913CA486B00582D40 /* Build configuration list for PBXNativeTarget "poeticcTests" */ = {
			isa = XCConfigurationList;
			buildConfigurations = (
				A271C49A13CA486B00582D40 /* Debug */,
				A271C49B13CA486B00582D40 /* Release */,
			);
			defaultConfigurationIsVisible = 0;
			defaultConfigurationName = Release;
		};
/* End XCConfigurationList section */
	};
	rootObject = A271C45013CA486B00582D40 /* Project object */;
}
